// !$*UTF8*$!
{
	archiveVersion = 1;
	classes = {
	};
	objectVersion = 50;
	objects = {

/* Begin PBXBuildFile section */
		6DA3B2FC26C15DC300C5C4D8 /* AppDelegate.swift in Sources */ = {isa = PBXBuildFile; fileRef = 6DA3B2FB26C15DC300C5C4D8 /* AppDelegate.swift */; };
		6DA3B2FE26C15DC300C5C4D8 /* SceneDelegate.swift in Sources */ = {isa = PBXBuildFile; fileRef = 6DA3B2FD26C15DC300C5C4D8 /* SceneDelegate.swift */; };
		6DA3B30026C15DC300C5C4D8 /* ViewController.swift in Sources */ = {isa = PBXBuildFile; fileRef = 6DA3B2FF26C15DC300C5C4D8 /* ViewController.swift */; };
		6DA3B30326C15DC300C5C4D8 /* Main.storyboard in Resources */ = {isa = PBXBuildFile; fileRef = 6DA3B30126C15DC300C5C4D8 /* Main.storyboard */; };
		6DA3B30526C15DCB00C5C4D8 /* Assets.xcassets in Resources */ = {isa = PBXBuildFile; fileRef = 6DA3B30426C15DCB00C5C4D8 /* Assets.xcassets */; };
		6DA3B30826C15DCB00C5C4D8 /* LaunchScreen.storyboard in Resources */ = {isa = PBXBuildFile; fileRef = 6DA3B30626C15DCB00C5C4D8 /* LaunchScreen.storyboard */; };
/* End PBXBuildFile section */

/* Begin PBXFileReference section */
		6DA3B2F826C15DC300C5C4D8 /* BasicStopwatchApp.app */ = {isa = PBXFileReference; explicitFileType = wrapper.application; includeInIndex = 0; path = BasicStopwatchApp.app; sourceTree = BUILT_PRODUCTS_DIR; };
		6DA3B2FB26C15DC300C5C4D8 /* AppDelegate.swift */ = {isa = PBXFileReference; lastKnownFileType = sourcecode.swift; path = AppDelegate.swift; sourceTree = "<group>"; };
		6DA3B2FD26C15DC300C5C4D8 /* SceneDelegate.swift */ = {isa = PBXFileReference; lastKnownFileType = sourcecode.swift; path = SceneDelegate.swift; sourceTree = "<group>"; };
		6DA3B2FF26C15DC300C5C4D8 /* ViewController.swift */ = {isa = PBXFileReference; lastKnownFileType = sourcecode.swift; path = ViewController.swift; sourceTree = "<group>"; };
		6DA3B30226C15DC300C5C4D8 /* Base */ = {isa = PBXFileReference; lastKnownFileType = file.storyboard; name = Base; path = Base.lproj/Main.storyboard; sourceTree = "<group>"; };
		6DA3B30426C15DCB00C5C4D8 /* Assets.xcassets */ = {isa = PBXFileReference; lastKnownFileType = folder.assetcatalog; path = Assets.xcassets; sourceTree = "<group>"; };
		6DA3B30726C15DCB00C5C4D8 /* Base */ = {isa = PBXFileReference; lastKnownFileType = file.storyboard; name = Base; path = Base.lproj/LaunchScreen.storyboard; sourceTree = "<group>"; };
		6DA3B30926C15DCB00C5C4D8 /* Info.plist */ = {isa = PBXFileReference; lastKnownFileType = text.plist.xml; path = Info.plist; sourceTree = "<group>"; };
/* End PBXFileReference section */

/* Begin PBXFrameworksBuildPhase section */
		6DA3B2F526C15DC300C5C4D8 /* Frameworks */ = {
			isa = PBXFrameworksBuildPhase;
			buildActionMask = 2147483647;
			files = (
			);
			runOnlyForDeploymentPostprocessing = 0;
		};
/* End PBXFrameworksBuildPhase section */

/* Begin PBXGroup section */
		6DA3B2EF26C15DC300C5C4D8 = {
			isa = PBXGroup;
			children = (
				6DA3B2FA26C15DC300C5C4D8 /* BasicStopwatchApp */,
				6DA3B2F926C15DC300C5C4D8 /* Products */,
			);
			sourceTree = "<group>";
		};
		6DA3B2F926C15DC300C5C4D8 /* Products */ = {
			isa = PBXGroup;
			children = (
				6DA3B2F826C15DC300C5C4D8 /* BasicStopwatchApp.app */,
			);
			name = Products;
			sourceTree = "<group>";
		};
		6DA3B2FA26C15DC300C5C4D8 /* BasicStopwatchApp */ = {
			isa = PBXGroup;
			children = (
				6DA3B2FB26C15DC300C5C4D8 /* AppDelegate.swift */,
				6DA3B2FD26C15DC300C5C4D8 /* SceneDelegate.swift */,
				6DA3B2FF26C15DC300C5C4D8 /* ViewController.swift */,
				6DA3B30126C15DC300C5C4D8 /* Main.storyboard */,
				6DA3B30426C15DCB00C5C4D8 /* Assets.xcassets */,
				6DA3B30626C15DCB00C5C4D8 /* LaunchScreen.storyboard */,
				6DA3B30926C15DCB00C5C4D8 /* Info.plist */,
			);
			path = BasicStopwatchApp;
			sourceTree = "<group>";
		};
/* End PBXGroup section */

/* Begin PBXNativeTarget section */
		6DA3B2F726C15DC300C5C4D8 /* BasicStopwatchApp */ = {
			isa = PBXNativeTarget;
			buildConfigurationList = 6DA3B30C26C15DCB00C5C4D8 /* Build configuration list for PBXNativeTarget "BasicStopwatchApp" */;
			buildPhases = (
				6DA3B2F426C15DC300C5C4D8 /* Sources */,
				6DA3B2F526C15DC300C5C4D8 /* Frameworks */,
				6DA3B2F626C15DC300C5C4D8 /* Resources */,
			);
			buildRules = (
			);
			dependencies = (
			);
			name = BasicStopwatchApp;
			productName = BasicStopwatchApp;
			productReference = 6DA3B2F826C15DC300C5C4D8 /* BasicStopwatchApp.app */;
			productType = "com.apple.product-type.application";
		};
/* End PBXNativeTarget section */

/* Begin PBXProject section */
		6DA3B2F026C15DC300C5C4D8 /* Project object */ = {
			isa = PBXProject;
			attributes = {
				LastSwiftUpdateCheck = 1250;
				LastUpgradeCheck = 1250;
				TargetAttributes = {
					6DA3B2F726C15DC300C5C4D8 = {
						CreatedOnToolsVersion = 12.5.1;
					};
				};
			};
			buildConfigurationList = 6DA3B2F326C15DC300C5C4D8 /* Build configuration list for PBXProject "BasicStopwatchApp" */;
			compatibilityVersion = "Xcode 9.3";
			developmentRegion = en;
			hasScannedForEncodings = 0;
			knownRegions = (
				en,
				Base,
			);
			mainGroup = 6DA3B2EF26C15DC300C5C4D8;
			productRefGroup = 6DA3B2F926C15DC300C5C4D8 /* Products */;
			projectDirPath = "";
			projectRoot = "";
			targets = (
				6DA3B2F726C15DC300C5C4D8 /* BasicStopwatchApp */,
			);
		};
/* End PBXProject section */

/* Begin PBXResourcesBuildPhase section */
		6DA3B2F626C15DC300C5C4D8 /* Resources */ = {
			isa = PBXResourcesBuildPhase;
			buildActionMask = 2147483647;
			files = (
				6DA3B30826C15DCB00C5C4D8 /* LaunchScreen.storyboard in Resources */,
				6DA3B30526C15DCB00C5C4D8 /* Assets.xcassets in Resources */,
				6DA3B30326C15DC300C5C4D8 /* Main.storyboard in Resources */,
			);
			runOnlyForDeploymentPostprocessing = 0;
		};
/* End PBXResourcesBuildPhase section */

/* Begin PBXSourcesBuildPhase section */
		6DA3B2F426C15DC300C5C4D8 /* Sources */ = {
			isa = PBXSourcesBuildPhase;
			buildActionMask = 2147483647;
			files = (
				6DA3B30026C15DC300C5C4D8 /* ViewController.swift in Sources */,
				6DA3B2FC26C15DC300C5C4D8 /* AppDelegate.swift in Sources */,
				6DA3B2FE26C15DC300C5C4D8 /* SceneDelegate.swift in Sources */,
			);
			runOnlyForDeploymentPostprocessing = 0;
		};
/* End PBXSourcesBuildPhase section */

/* Begin PBXVariantGroup section */
		6DA3B30126C15DC300C5C4D8 /* Main.storyboard */ = {
			isa = PBXVariantGroup;
			children = (
				6DA3B30226C15DC300C5C4D8 /* Base */,
			);
			name = Main.storyboard;
			sourceTree = "<group>";
		};
		6DA3B30626C15DCB00C5C4D8 /* LaunchScreen.storyboard */ = {
			isa = PBXVariantGroup;
			children = (
				6DA3B30726C15DCB00C5C4D8 /* Base */,
			);
			name = LaunchScreen.storyboard;
			sourceTree = "<group>";
		};
/* End PBXVariantGroup section */

/* Begin XCBuildConfiguration section */
		6DA3B30A26C15DCB00C5C4D8 /* Debug */ = {
			isa = XCBuildConfiguration;
			buildSettings = {
				ALWAYS_SEARCH_USER_PATHS = NO;
				CLANG_ANALYZER_NONNULL = YES;
				CLANG_ANALYZER_NUMBER_OBJECT_CONVERSION = YES_AGGRESSIVE;
				CLANG_CXX_LANGUAGE_STANDARD = "gnu++14";
				CLANG_CXX_LIBRARY = "libc++";
				CLANG_ENABLE_MODULES = YES;
				CLANG_ENABLE_OBJC_ARC = YES;
				CLANG_ENABLE_OBJC_WEAK = YES;
				CLANG_WARN_BLOCK_CAPTURE_AUTORELEASING = YES;
				CLANG_WARN_BOOL_CONVERSION = YES;
				CLANG_WARN_COMMA = YES;
				CLANG_WARN_CONSTANT_CONVERSION = YES;
				CLANG_WARN_DEPRECATED_OBJC_IMPLEMENTATIONS = YES;
				CLANG_WARN_DIRECT_OBJC_ISA_USAGE = YES_ERROR;
				CLANG_WARN_DOCUMENTATION_COMMENTS = YES;
				CLANG_WARN_EMPTY_BODY = YES;
				CLANG_WARN_ENUM_CONVERSION = YES;
				CLANG_WARN_INFINITE_RECURSION = YES;
				CLANG_WARN_INT_CONVERSION = YES;
				CLANG_WARN_NON_LITERAL_NULL_CONVERSION = YES;
				CLANG_WARN_OBJC_IMPLICIT_RETAIN_SELF = YES;
				CLANG_WARN_OBJC_LITERAL_CONVERSION = YES;
				CLANG_WARN_OBJC_ROOT_CLASS = YES_ERROR;
				CLANG_WARN_QUOTED_INCLUDE_IN_FRAMEWORK_HEADER = YES;
				CLANG_WARN_RANGE_LOOP_ANALYSIS = YES;
				CLANG_WARN_STRICT_PROTOTYPES = YES;
				CLANG_WARN_SUSPICIOUS_MOVE = YES;
				CLANG_WARN_UNGUARDED_AVAILABILITY = YES_AGGRESSIVE;
				CLANG_WARN_UNREACHABLE_CODE = YES;
				CLANG_WARN__DUPLICATE_METHOD_MATCH = YES;
				COPY_PHASE_STRIP = NO;
				DEBUG_INFORMATION_FORMAT = dwarf;
				ENABLE_STRICT_OBJC_MSGSEND = YES;
				ENABLE_TESTABILITY = YES;
				GCC_C_LANGUAGE_STANDARD = gnu11;
				GCC_DYNAMIC_NO_PIC = NO;
				GCC_NO_COMMON_BLOCKS = YES;
				GCC_OPTIMIZATION_LEVEL = 0;
				GCC_PREPROCESSOR_DEFINITIONS = (
					"DEBUG=1",
					"$(inherited)",
				);
				GCC_WARN_64_TO_32_BIT_CONVERSION = YES;
				GCC_WARN_ABOUT_RETURN_TYPE = YES_ERROR;
				GCC_WARN_UNDECLARED_SELECTOR = YES;
				GCC_WARN_UNINITIALIZED_AUTOS = YES_AGGRESSIVE;
				GCC_WARN_UNUSED_FUNCTION = YES;
				GCC_WARN_UNUSED_VARIABLE = YES;
				IPHONEOS_DEPLOYMENT_TARGET = 14.5;
				MTL_ENABLE_DEBUG_INFO = INCLUDE_SOURCE;
				MTL_FAST_MATH = YES;
				ONLY_ACTIVE_ARCH = YES;
				SDKROOT = iphoneos;
				SWIFT_ACTIVE_COMPILATION_CONDITIONS = DEBUG;
				SWIFT_OPTIMIZATION_LEVEL = "-Onone";
			};
			name = Debug;
		};
		6DA3B30B26C15DCB00C5C4D8 /* Release */ = {
			isa = XCBuildConfiguration;
			buildSettings = {
				ALWAYS_SEARCH_USER_PATHS = NO;
				CLANG_ANALYZER_NONNULL = YES;
				CLANG_ANALYZER_NUMBER_OBJECT_CONVERSION = YES_AGGRESSIVE;
				CLANG_CXX_LANGUAGE_STANDARD = "gnu++14";
				CLANG_CXX_LIBRARY = "libc++";
				CLANG_ENABLE_MODULES = YES;
				CLANG_ENABLE_OBJC_ARC = YES;
				CLANG_ENABLE_OBJC_WEAK = YES;
				CLANG_WARN_BLOCK_CAPTURE_AUTORELEASING = YES;
				CLANG_WARN_BOOL_CONVERSION = YES;
				CLANG_WARN_COMMA = YES;
				CLANG_WARN_CONSTANT_CONVERSION = YES;
				CLANG_WARN_DEPRECATED_OBJC_IMPLEMENTATIONS = YES;
				CLANG_WARN_DIRECT_OBJC_ISA_USAGE = YES_ERROR;
				CLANG_WARN_DOCUMENTATION_COMMENTS = YES;
				CLANG_WARN_EMPTY_BODY = YES;
				CLANG_WARN_ENUM_CONVERSION = YES;
				CLANG_WARN_INFINITE_RECURSION = YES;
				CLANG_WARN_INT_CONVERSION = YES;
				CLANG_WARN_NON_LITERAL_NULL_CONVERSION = YES;
				CLANG_WARN_OBJC_IMPLICIT_RETAIN_SELF = YES;
				CLANG_WARN_OBJC_LITERAL_CONVERSION = YES;
				CLANG_WARN_OBJC_ROOT_CLASS = YES_ERROR;
				CLANG_WARN_QUOTED_INCLUDE_IN_FRAMEWORK_HEADER = YES;
				CLANG_WARN_RANGE_LOOP_ANALYSIS = YES;
				CLANG_WARN_STRICT_PROTOTYPES = YES;
				CLANG_WARN_SUSPICIOUS_MOVE = YES;
				CLANG_WARN_UNGUARDED_AVAILABILITY = YES_AGGRESSIVE;
				CLANG_WARN_UNREACHABLE_CODE = YES;
				CLANG_WARN__DUPLICATE_METHOD_MATCH = YES;
				COPY_PHASE_STRIP = NO;
				DEBUG_INFORMATION_FORMAT = "dwarf-with-dsym";
				ENABLE_NS_ASSERTIONS = NO;
				ENABLE_STRICT_OBJC_MSGSEND = YES;
				GCC_C_LANGUAGE_STANDARD = gnu11;
				GCC_NO_COMMON_BLOCKS = YES;
				GCC_WARN_64_TO_32_BIT_CONVERSION = YES;
				GCC_WARN_ABOUT_RETURN_TYPE = YES_ERROR;
				GCC_WARN_UNDECLARED_SELECTOR = YES;
				GCC_WARN_UNINITIALIZED_AUTOS = YES_AGGRESSIVE;
				GCC_WARN_UNUSED_FUNCTION = YES;
				GCC_WARN_UNUSED_VARIABLE = YES;
				IPHONEOS_DEPLOYMENT_TARGET = 14.5;
				MTL_ENABLE_DEBUG_INFO = NO;
				MTL_FAST_MATH = YES;
				SDKROOT = iphoneos;
				SWIFT_COMPILATION_MODE = wholemodule;
				SWIFT_OPTIMIZATION_LEVEL = "-O";
				VALIDATE_PRODUCT = YES;
			};
			name = Release;
		};
		6DA3B30D26C15DCB00C5C4D8 /* Debug */ = {
			isa = XCBuildConfiguration;
			buildSettings = {
				ASSETCATALOG_COMPILER_APPICON_NAME = AppIcon;
				ASSETCATALOG_COMPILER_GLOBAL_ACCENT_COLOR_NAME = AccentColor;
				CODE_SIGN_STYLE = Automatic;
				DEVELOPMENT_TEAM = JA7WM4DU9C;
				INFOPLIST_FILE = BasicStopwatchApp/Info.plist;
				LD_RUNPATH_SEARCH_PATHS = (
					"$(inherited)",
					"@executable_path/Frameworks",
				);
				PRODUCT_BUNDLE_IDENTIFIER = com.oguz2935.BasicStopwatchApp;
				PRODUCT_NAME = "$(TARGET_NAME)";
				SWIFT_VERSION = 5.0;
				TARGETED_DEVICE_FAMILY = "1,2";
			};
			name = Debug;
		};
		6DA3B30E26C15DCB00C5C4D8 /* Release */ = {
			isa = XCBuildConfiguration;
			buildSettings = {
				ASSETCATALOG_COMPILER_APPICON_NAME = AppIcon;
				ASSETCATALOG_COMPILER_GLOBAL_ACCENT_COLOR_NAME = AccentColor;
				CODE_SIGN_STYLE = Automatic;
				DEVELOPMENT_TEAM = JA7WM4DU9C;
				INFOPLIST_FILE = BasicStopwatchApp/Info.plist;
				LD_RUNPATH_SEARCH_PATHS = (
					"$(inherited)",
					"@executable_path/Frameworks",
				);
				PRODUCT_BUNDLE_IDENTIFIER = com.oguz2935.BasicStopwatchApp;
				PRODUCT_NAME = "$(TARGET_NAME)";
				SWIFT_VERSION = 5.0;
				TARGETED_DEVICE_FAMILY = "1,2";
			};
			name = Release;
		};
/* End XCBuildConfiguration section */

/* Begin XCConfigurationList section */
		6DA3B2F326C15DC300C5C4D8 /* Build configuration list for PBXProject "BasicStopwatchApp" */ = {
			isa = XCConfigurationList;
			buildConfigurations = (
				6DA3B30A26C15DCB00C5C4D8 /* Debug */,
				6DA3B30B26C15DCB00C5C4D8 /* Release */,
			);
			defaultConfigurationIsVisible = 0;
			defaultConfigurationName = Release;
		};
		6DA3B30C26C15DCB00C5C4D8 /* Build configuration list for PBXNativeTarget "BasicStopwatchApp" */ = {
			isa = XCConfigurationList;
			buildConfigurations = (
				6DA3B30D26C15DCB00C5C4D8 /* Debug */,
				6DA3B30E26C15DCB00C5C4D8 /* Release */,
			);
			defaultConfigurationIsVisible = 0;
			defaultConfigurationName = Release;
		};
/* End XCConfigurationList section */
	};
	rootObject = 6DA3B2F026C15DC300C5C4D8 /* Project object */;
}
